
Microsoft Visual Studio Solution File, Format Version 12.00
# Visual Studio 15
VisualStudioVersion = 15.0.26124.0
MinimumVisualStudioVersion = 15.0.26124.0
Project("{9A19103F-16F7-4668-BE54-9A1E7A4F7556}") = "Lykke.Blockchains.Integrations.Sdk", "src\Lykke.Blockchains.Integrations.Sdk\Lykke.Blockchains.Integrations.Sdk.csproj", "{4A30578D-8A58-4705-A01C-664D69E8401D}"
EndProject
Project("{9A19103F-16F7-4668-BE54-9A1E7A4F7556}") = "Lykke.Blockchains.Integrations.Contract", "src\Lykke.Blockchains.Integrations.Contract\Lykke.Blockchains.Integrations.Contract.csproj", "{CC23ED68-8B39-4D9F-AFB6-47BF794DF5AA}"
EndProject
Project("{9A19103F-16F7-4668-BE54-9A1E7A4F7556}") = "Lykke.Blockchains.Integrations.Client", "src\Lykke.Blockchains.Integrations.Client\Lykke.Blockchains.Integrations.Client.csproj", "{C13F2DA8-8263-4EBF-AE71-2CC8DE0C50CA}"
EndProject
Project("{2150E333-8FDC-42A3-9474-1A3956D46DE8}") = "Tests", "Tests", "{CDF21CA8-1D14-4DEE-AC38-EF5FA113AC71}"
EndProject
Project("{9A19103F-16F7-4668-BE54-9A1E7A4F7556}") = "Lykke.Blockchains.Integrations.Contract.Tests", "tests\Lykke.Blockchains.Integrations.Contract.Tests\Lykke.Blockchains.Integrations.Contract.Tests.csproj", "{A30CDB80-2072-4F87-8EAF-F0E4C365E873}"
EndProject
Project("{9A19103F-16F7-4668-BE54-9A1E7A4F7556}") = "Lykke.Blockchains.Integrations.Sdk.SignService", "src\Lykke.Blockchains.Integrations.Sdk.SignService\Lykke.Blockchains.Integrations.Sdk.SignService.csproj", "{7E1D1480-FD27-43F0-9EDB-8AE3EB090D63}"
EndProject
Project("{9A19103F-16F7-4668-BE54-9A1E7A4F7556}") = "Lykke.Blockchains.Integrations.Sdk.TransactionsExecutor", "src\Lykke.Blockchains.Integrations.Sdk.TransactionsExecutor\Lykke.Blockchains.Integrations.Sdk.TransactionsExecutor.csproj", "{5FA413B7-6F25-4B9D-9E6B-232573440B0D}"
EndProject
Project("{9A19103F-16F7-4668-BE54-9A1E7A4F7556}") = "Lykke.Blockchains.Integrations.Sdk.BlocksReader", "src\Lykke.Blockchains.Integrations.Sdk.BlocksReader\Lykke.Blockchains.Integrations.Sdk.BlocksReader.csproj", "{C194BDB4-B653-49E7-BE3E-2BB9237F0282}"
EndProject
Project("{2150E333-8FDC-42A3-9474-1A3956D46DE8}") = "Examples", "Examples", "{95FBBE27-2E62-4E8B-AB6D-992C748A9ACE}"
EndProject
Project("{9A19103F-16F7-4668-BE54-9A1E7A4F7556}") = "TransactionsExecutorExample", "examples\TransactionsExecutorExample\TransactionsExecutorExample.csproj", "{08DA861A-1C50-41BB-A7D9-41C70AC3D93A}"
EndProject
Project("{9A19103F-16F7-4668-BE54-9A1E7A4F7556}") = "SignServiceExample", "examples\SignServiceExample\SignServiceExample.csproj", "{6AB97095-7DC1-448B-8988-41C7001BB2DD}"
EndProject
Project("{9A19103F-16F7-4668-BE54-9A1E7A4F7556}") = "SingServiceAndTransactionsExecutorTestClient", "examples\SingServiceAndTransactionsExecutorTestClient\SingServiceAndTransactionsExecutorTestClient.csproj", "{E462185E-0A5F-45FD-AF4C-26EE3815094D}"
EndProject
Global
	GlobalSection(SolutionConfigurationPlatforms) = preSolution
		Debug|Any CPU = Debug|Any CPU
		Debug|x64 = Debug|x64
		Debug|x86 = Debug|x86
		Release|Any CPU = Release|Any CPU
		Release|x64 = Release|x64
		Release|x86 = Release|x86
	EndGlobalSection
	GlobalSection(ProjectConfigurationPlatforms) = postSolution
		{4A30578D-8A58-4705-A01C-664D69E8401D}.Debug|Any CPU.ActiveCfg = Debug|Any CPU
		{4A30578D-8A58-4705-A01C-664D69E8401D}.Debug|Any CPU.Build.0 = Debug|Any CPU
		{4A30578D-8A58-4705-A01C-664D69E8401D}.Debug|x64.ActiveCfg = Debug|Any CPU
		{4A30578D-8A58-4705-A01C-664D69E8401D}.Debug|x64.Build.0 = Debug|Any CPU
		{4A30578D-8A58-4705-A01C-664D69E8401D}.Debug|x86.ActiveCfg = Debug|Any CPU
		{4A30578D-8A58-4705-A01C-664D69E8401D}.Debug|x86.Build.0 = Debug|Any CPU
		{4A30578D-8A58-4705-A01C-664D69E8401D}.Release|Any CPU.ActiveCfg = Release|Any CPU
		{4A30578D-8A58-4705-A01C-664D69E8401D}.Release|Any CPU.Build.0 = Release|Any CPU
		{4A30578D-8A58-4705-A01C-664D69E8401D}.Release|x64.ActiveCfg = Release|Any CPU
		{4A30578D-8A58-4705-A01C-664D69E8401D}.Release|x64.Build.0 = Release|Any CPU
		{4A30578D-8A58-4705-A01C-664D69E8401D}.Release|x86.ActiveCfg = Release|Any CPU
		{4A30578D-8A58-4705-A01C-664D69E8401D}.Release|x86.Build.0 = Release|Any CPU
		{CC23ED68-8B39-4D9F-AFB6-47BF794DF5AA}.Debug|Any CPU.ActiveCfg = Debug|Any CPU
		{CC23ED68-8B39-4D9F-AFB6-47BF794DF5AA}.Debug|Any CPU.Build.0 = Debug|Any CPU
		{CC23ED68-8B39-4D9F-AFB6-47BF794DF5AA}.Debug|x64.ActiveCfg = Debug|Any CPU
		{CC23ED68-8B39-4D9F-AFB6-47BF794DF5AA}.Debug|x64.Build.0 = Debug|Any CPU
		{CC23ED68-8B39-4D9F-AFB6-47BF794DF5AA}.Debug|x86.ActiveCfg = Debug|Any CPU
		{CC23ED68-8B39-4D9F-AFB6-47BF794DF5AA}.Debug|x86.Build.0 = Debug|Any CPU
		{CC23ED68-8B39-4D9F-AFB6-47BF794DF5AA}.Release|Any CPU.ActiveCfg = Release|Any CPU
		{CC23ED68-8B39-4D9F-AFB6-47BF794DF5AA}.Release|Any CPU.Build.0 = Release|Any CPU
		{CC23ED68-8B39-4D9F-AFB6-47BF794DF5AA}.Release|x64.ActiveCfg = Release|Any CPU
		{CC23ED68-8B39-4D9F-AFB6-47BF794DF5AA}.Release|x64.Build.0 = Release|Any CPU
		{CC23ED68-8B39-4D9F-AFB6-47BF794DF5AA}.Release|x86.ActiveCfg = Release|Any CPU
		{CC23ED68-8B39-4D9F-AFB6-47BF794DF5AA}.Release|x86.Build.0 = Release|Any CPU
		{C13F2DA8-8263-4EBF-AE71-2CC8DE0C50CA}.Debug|Any CPU.ActiveCfg = Debug|Any CPU
		{C13F2DA8-8263-4EBF-AE71-2CC8DE0C50CA}.Debug|Any CPU.Build.0 = Debug|Any CPU
		{C13F2DA8-8263-4EBF-AE71-2CC8DE0C50CA}.Debug|x64.ActiveCfg = Debug|Any CPU
		{C13F2DA8-8263-4EBF-AE71-2CC8DE0C50CA}.Debug|x64.Build.0 = Debug|Any CPU
		{C13F2DA8-8263-4EBF-AE71-2CC8DE0C50CA}.Debug|x86.ActiveCfg = Debug|Any CPU
		{C13F2DA8-8263-4EBF-AE71-2CC8DE0C50CA}.Debug|x86.Build.0 = Debug|Any CPU
		{C13F2DA8-8263-4EBF-AE71-2CC8DE0C50CA}.Release|Any CPU.ActiveCfg = Release|Any CPU
		{C13F2DA8-8263-4EBF-AE71-2CC8DE0C50CA}.Release|Any CPU.Build.0 = Release|Any CPU
		{C13F2DA8-8263-4EBF-AE71-2CC8DE0C50CA}.Release|x64.ActiveCfg = Release|Any CPU
		{C13F2DA8-8263-4EBF-AE71-2CC8DE0C50CA}.Release|x64.Build.0 = Release|Any CPU
		{C13F2DA8-8263-4EBF-AE71-2CC8DE0C50CA}.Release|x86.ActiveCfg = Release|Any CPU
		{C13F2DA8-8263-4EBF-AE71-2CC8DE0C50CA}.Release|x86.Build.0 = Release|Any CPU
		{A30CDB80-2072-4F87-8EAF-F0E4C365E873}.Debug|Any CPU.ActiveCfg = Debug|Any CPU
		{A30CDB80-2072-4F87-8EAF-F0E4C365E873}.Debug|Any CPU.Build.0 = Debug|Any CPU
		{A30CDB80-2072-4F87-8EAF-F0E4C365E873}.Debug|x64.ActiveCfg = Debug|Any CPU
		{A30CDB80-2072-4F87-8EAF-F0E4C365E873}.Debug|x64.Build.0 = Debug|Any CPU
		{A30CDB80-2072-4F87-8EAF-F0E4C365E873}.Debug|x86.ActiveCfg = Debug|Any CPU
		{A30CDB80-2072-4F87-8EAF-F0E4C365E873}.Debug|x86.Build.0 = Debug|Any CPU
		{A30CDB80-2072-4F87-8EAF-F0E4C365E873}.Release|Any CPU.ActiveCfg = Release|Any CPU
		{A30CDB80-2072-4F87-8EAF-F0E4C365E873}.Release|Any CPU.Build.0 = Release|Any CPU
		{A30CDB80-2072-4F87-8EAF-F0E4C365E873}.Release|x64.ActiveCfg = Release|Any CPU
		{A30CDB80-2072-4F87-8EAF-F0E4C365E873}.Release|x64.Build.0 = Release|Any CPU
		{A30CDB80-2072-4F87-8EAF-F0E4C365E873}.Release|x86.ActiveCfg = Release|Any CPU
		{A30CDB80-2072-4F87-8EAF-F0E4C365E873}.Release|x86.Build.0 = Release|Any CPU
		{7E1D1480-FD27-43F0-9EDB-8AE3EB090D63}.Debug|Any CPU.ActiveCfg = Debug|Any CPU
		{7E1D1480-FD27-43F0-9EDB-8AE3EB090D63}.Debug|Any CPU.Build.0 = Debug|Any CPU
		{7E1D1480-FD27-43F0-9EDB-8AE3EB090D63}.Debug|x64.ActiveCfg = Debug|Any CPU
		{7E1D1480-FD27-43F0-9EDB-8AE3EB090D63}.Debug|x64.Build.0 = Debug|Any CPU
		{7E1D1480-FD27-43F0-9EDB-8AE3EB090D63}.Debug|x86.ActiveCfg = Debug|Any CPU
		{7E1D1480-FD27-43F0-9EDB-8AE3EB090D63}.Debug|x86.Build.0 = Debug|Any CPU
		{7E1D1480-FD27-43F0-9EDB-8AE3EB090D63}.Release|Any CPU.ActiveCfg = Release|Any CPU
		{7E1D1480-FD27-43F0-9EDB-8AE3EB090D63}.Release|Any CPU.Build.0 = Release|Any CPU
		{7E1D1480-FD27-43F0-9EDB-8AE3EB090D63}.Release|x64.ActiveCfg = Release|Any CPU
		{7E1D1480-FD27-43F0-9EDB-8AE3EB090D63}.Release|x64.Build.0 = Release|Any CPU
		{7E1D1480-FD27-43F0-9EDB-8AE3EB090D63}.Release|x86.ActiveCfg = Release|Any CPU
		{7E1D1480-FD27-43F0-9EDB-8AE3EB090D63}.Release|x86.Build.0 = Release|Any CPU
		{5FA413B7-6F25-4B9D-9E6B-232573440B0D}.Debug|Any CPU.ActiveCfg = Debug|Any CPU
		{5FA413B7-6F25-4B9D-9E6B-232573440B0D}.Debug|Any CPU.Build.0 = Debug|Any CPU
		{5FA413B7-6F25-4B9D-9E6B-232573440B0D}.Debug|x64.ActiveCfg = Debug|Any CPU
		{5FA413B7-6F25-4B9D-9E6B-232573440B0D}.Debug|x64.Build.0 = Debug|Any CPU
		{5FA413B7-6F25-4B9D-9E6B-232573440B0D}.Debug|x86.ActiveCfg = Debug|Any CPU
		{5FA413B7-6F25-4B9D-9E6B-232573440B0D}.Debug|x86.Build.0 = Debug|Any CPU
		{5FA413B7-6F25-4B9D-9E6B-232573440B0D}.Release|Any CPU.ActiveCfg = Release|Any CPU
		{5FA413B7-6F25-4B9D-9E6B-232573440B0D}.Release|Any CPU.Build.0 = Release|Any CPU
		{5FA413B7-6F25-4B9D-9E6B-232573440B0D}.Release|x64.ActiveCfg = Release|Any CPU
		{5FA413B7-6F25-4B9D-9E6B-232573440B0D}.Release|x64.Build.0 = Release|Any CPU
		{5FA413B7-6F25-4B9D-9E6B-232573440B0D}.Release|x86.ActiveCfg = Release|Any CPU
		{5FA413B7-6F25-4B9D-9E6B-232573440B0D}.Release|x86.Build.0 = Release|Any CPU
		{C194BDB4-B653-49E7-BE3E-2BB9237F0282}.Debug|Any CPU.ActiveCfg = Debug|Any CPU
		{C194BDB4-B653-49E7-BE3E-2BB9237F0282}.Debug|Any CPU.Build.0 = Debug|Any CPU
		{C194BDB4-B653-49E7-BE3E-2BB9237F0282}.Debug|x64.ActiveCfg = Debug|Any CPU
		{C194BDB4-B653-49E7-BE3E-2BB9237F0282}.Debug|x64.Build.0 = Debug|Any CPU
		{C194BDB4-B653-49E7-BE3E-2BB9237F0282}.Debug|x86.ActiveCfg = Debug|Any CPU
		{C194BDB4-B653-49E7-BE3E-2BB9237F0282}.Debug|x86.Build.0 = Debug|Any CPU
		{C194BDB4-B653-49E7-BE3E-2BB9237F0282}.Release|Any CPU.ActiveCfg = Release|Any CPU
		{C194BDB4-B653-49E7-BE3E-2BB9237F0282}.Release|Any CPU.Build.0 = Release|Any CPU
		{C194BDB4-B653-49E7-BE3E-2BB9237F0282}.Release|x64.ActiveCfg = Release|Any CPU
		{C194BDB4-B653-49E7-BE3E-2BB9237F0282}.Release|x64.Build.0 = Release|Any CPU
		{C194BDB4-B653-49E7-BE3E-2BB9237F0282}.Release|x86.ActiveCfg = Release|Any CPU
		{C194BDB4-B653-49E7-BE3E-2BB9237F0282}.Release|x86.Build.0 = Release|Any CPU
		{08DA861A-1C50-41BB-A7D9-41C70AC3D93A}.Debug|Any CPU.ActiveCfg = Debug|Any CPU
		{08DA861A-1C50-41BB-A7D9-41C70AC3D93A}.Debug|Any CPU.Build.0 = Debug|Any CPU
		{08DA861A-1C50-41BB-A7D9-41C70AC3D93A}.Debug|x64.ActiveCfg = Debug|Any CPU
		{08DA861A-1C50-41BB-A7D9-41C70AC3D93A}.Debug|x64.Build.0 = Debug|Any CPU
		{08DA861A-1C50-41BB-A7D9-41C70AC3D93A}.Debug|x86.ActiveCfg = Debug|Any CPU
		{08DA861A-1C50-41BB-A7D9-41C70AC3D93A}.Debug|x86.Build.0 = Debug|Any CPU
		{08DA861A-1C50-41BB-A7D9-41C70AC3D93A}.Release|Any CPU.ActiveCfg = Release|Any CPU
		{08DA861A-1C50-41BB-A7D9-41C70AC3D93A}.Release|Any CPU.Build.0 = Release|Any CPU
		{08DA861A-1C50-41BB-A7D9-41C70AC3D93A}.Release|x64.ActiveCfg = Release|Any CPU
		{08DA861A-1C50-41BB-A7D9-41C70AC3D93A}.Release|x64.Build.0 = Release|Any CPU
		{08DA861A-1C50-41BB-A7D9-41C70AC3D93A}.Release|x86.ActiveCfg = Release|Any CPU
		{08DA861A-1C50-41BB-A7D9-41C70AC3D93A}.Release|x86.Build.0 = Release|Any CPU
		{6AB97095-7DC1-448B-8988-41C7001BB2DD}.Debug|Any CPU.ActiveCfg = Debug|Any CPU
		{6AB97095-7DC1-448B-8988-41C7001BB2DD}.Debug|Any CPU.Build.0 = Debug|Any CPU
		{6AB97095-7DC1-448B-8988-41C7001BB2DD}.Debug|x64.ActiveCfg = Debug|Any CPU
		{6AB97095-7DC1-448B-8988-41C7001BB2DD}.Debug|x64.Build.0 = Debug|Any CPU
		{6AB97095-7DC1-448B-8988-41C7001BB2DD}.Debug|x86.ActiveCfg = Debug|Any CPU
		{6AB97095-7DC1-448B-8988-41C7001BB2DD}.Debug|x86.Build.0 = Debug|Any CPU
		{6AB97095-7DC1-448B-8988-41C7001BB2DD}.Release|Any CPU.ActiveCfg = Release|Any CPU
		{6AB97095-7DC1-448B-8988-41C7001BB2DD}.Release|Any CPU.Build.0 = Release|Any CPU
		{6AB97095-7DC1-448B-8988-41C7001BB2DD}.Release|x64.ActiveCfg = Release|Any CPU
		{6AB97095-7DC1-448B-8988-41C7001BB2DD}.Release|x64.Build.0 = Release|Any CPU
		{6AB97095-7DC1-448B-8988-41C7001BB2DD}.Release|x86.ActiveCfg = Release|Any CPU
		{6AB97095-7DC1-448B-8988-41C7001BB2DD}.Release|x86.Build.0 = Release|Any CPU
		{E462185E-0A5F-45FD-AF4C-26EE3815094D}.Debug|Any CPU.ActiveCfg = Debug|Any CPU
		{E462185E-0A5F-45FD-AF4C-26EE3815094D}.Debug|Any CPU.Build.0 = Debug|Any CPU
		{E462185E-0A5F-45FD-AF4C-26EE3815094D}.Debug|x64.ActiveCfg = Debug|Any CPU
		{E462185E-0A5F-45FD-AF4C-26EE3815094D}.Debug|x64.Build.0 = Debug|Any CPU
		{E462185E-0A5F-45FD-AF4C-26EE3815094D}.Debug|x86.ActiveCfg = Debug|Any CPU
		{E462185E-0A5F-45FD-AF4C-26EE3815094D}.Debug|x86.Build.0 = Debug|Any CPU
		{E462185E-0A5F-45FD-AF4C-26EE3815094D}.Release|Any CPU.ActiveCfg = Release|Any CPU
		{E462185E-0A5F-45FD-AF4C-26EE3815094D}.Release|Any CPU.Build.0 = Release|Any CPU
		{E462185E-0A5F-45FD-AF4C-26EE3815094D}.Release|x64.ActiveCfg = Release|Any CPU
		{E462185E-0A5F-45FD-AF4C-26EE3815094D}.Release|x64.Build.0 = Release|Any CPU
		{E462185E-0A5F-45FD-AF4C-26EE3815094D}.Release|x86.ActiveCfg = Release|Any CPU
		{E462185E-0A5F-45FD-AF4C-26EE3815094D}.Release|x86.Build.0 = Release|Any CPU
	EndGlobalSection
	GlobalSection(SolutionProperties) = preSolution
		HideSolutionNode = FALSE
	EndGlobalSection
	GlobalSection(NestedProjects) = preSolution
		{A30CDB80-2072-4F87-8EAF-F0E4C365E873} = {CDF21CA8-1D14-4DEE-AC38-EF5FA113AC71}
		{08DA861A-1C50-41BB-A7D9-41C70AC3D93A} = {95FBBE27-2E62-4E8B-AB6D-992C748A9ACE}
		{6AB97095-7DC1-448B-8988-41C7001BB2DD} = {95FBBE27-2E62-4E8B-AB6D-992C748A9ACE}
		{E462185E-0A5F-45FD-AF4C-26EE3815094D} = {95FBBE27-2E62-4E8B-AB6D-992C748A9ACE}
	EndGlobalSection
	GlobalSection(ExtensibilityGlobals) = postSolution
		SolutionGuid = {CE7931E9-23DA-419B-9806-769CE70D173E}
	EndGlobalSection
EndGlobal
