
Microsoft Visual Studio Solution File, Format Version 12.00
# Visual Studio 15
VisualStudioVersion = 15.0.26124.0
MinimumVisualStudioVersion = 15.0.26124.0
Project("{9A19103F-16F7-4668-BE54-9A1E7A4F7556}") = "Lykke.Blockchains.Integrations.Sdk", "src\Lykke.Blockchains.Integrations.Sdk\Lykke.Blockchains.Integrations.Sdk.csproj", "{4A30578D-8A58-4705-A01C-664D69E8401D}"
EndProject
Project("{9A19103F-16F7-4668-BE54-9A1E7A4F7556}") = "Lykke.Blockchains.Integrations.Contract", "src\Lykke.Blockchains.Integrations.Contract\Lykke.Blockchains.Integrations.Contract.csproj", "{CC23ED68-8B39-4D9F-AFB6-47BF794DF5AA}"
EndProject
Project("{2150E333-8FDC-42A3-9474-1A3956D46DE8}") = "Tests", "Tests", "{CDF21CA8-1D14-4DEE-AC38-EF5FA113AC71}"
EndProject
Project("{9A19103F-16F7-4668-BE54-9A1E7A4F7556}") = "Lykke.Blockchains.Integrations.Contract.Tests", "tests\Lykke.Blockchains.Integrations.Contract.Tests\Lykke.Blockchains.Integrations.Contract.Tests.csproj", "{A30CDB80-2072-4F87-8EAF-F0E4C365E873}"
EndProject
Project("{9A19103F-16F7-4668-BE54-9A1E7A4F7556}") = "Lykke.Blockchains.Integrations.Sdk.SignService", "src\Lykke.Blockchains.Integrations.Sdk.SignService\Lykke.Blockchains.Integrations.Sdk.SignService.csproj", "{7E1D1480-FD27-43F0-9EDB-8AE3EB090D63}"
EndProject
Project("{9A19103F-16F7-4668-BE54-9A1E7A4F7556}") = "Lykke.Blockchains.Integrations.Sdk.TransactionsExecutor", "src\Lykke.Blockchains.Integrations.Sdk.TransactionsExecutor\Lykke.Blockchains.Integrations.Sdk.TransactionsExecutor.csproj", "{5FA413B7-6F25-4B9D-9E6B-232573440B0D}"
EndProject
Project("{9A19103F-16F7-4668-BE54-9A1E7A4F7556}") = "Lykke.Blockchains.Integrations.Sdk.BlocksReader", "src\Lykke.Blockchains.Integrations.Sdk.BlocksReader\Lykke.Blockchains.Integrations.Sdk.BlocksReader.csproj", "{C194BDB4-B653-49E7-BE3E-2BB9237F0282}"
EndProject
Project("{2150E333-8FDC-42A3-9474-1A3956D46DE8}") = "Examples", "Examples", "{95FBBE27-2E62-4E8B-AB6D-992C748A9ACE}"
EndProject
Project("{9A19103F-16F7-4668-BE54-9A1E7A4F7556}") = "TransactionsExecutorExample", "examples\TransactionsExecutorExample\TransactionsExecutorExample.csproj", "{08DA861A-1C50-41BB-A7D9-41C70AC3D93A}"
EndProject
Project("{9A19103F-16F7-4668-BE54-9A1E7A4F7556}") = "SignServiceExample", "examples\SignServiceExample\SignServiceExample.csproj", "{6AB97095-7DC1-448B-8988-41C7001BB2DD}"
EndProject
Project("{9A19103F-16F7-4668-BE54-9A1E7A4F7556}") = "SingServiceAndTransactionsExecutorTestClient", "examples\SingServiceAndTransactionsExecutorTestClient\SingServiceAndTransactionsExecutorTestClient.csproj", "{E462185E-0A5F-45FD-AF4C-26EE3815094D}"
EndProject
Project("{9A19103F-16F7-4668-BE54-9A1E7A4F7556}") = "Lykke.Blockchains.Integrations.Client.SignService", "src\Lykke.Blockchains.Integrations.Client.SignService\Lykke.Blockchains.Integrations.Client.SignService.csproj", "{4620BD7D-23A2-4030-B6B4-1E5376227079}"
EndProject
Project("{9A19103F-16F7-4668-BE54-9A1E7A4F7556}") = "Lykke.Blockchains.Integrations.Client.TransactionsExecutor", "src\Lykke.Blockchains.Integrations.Client.TransactionsExecutor\Lykke.Blockchains.Integrations.Client.TransactionsExecutor.csproj", "{4B2D65C1-6038-4D1E-B9EA-9E86B771A25F}"
EndProject
Project("{9A19103F-16F7-4668-BE54-9A1E7A4F7556}") = "Lykke.Blockchains.Integrations.RabbitMq", "src\Lykke.Blockchains.Integrations.RabbitMq\Lykke.Blockchains.Integrations.RabbitMq.csproj", "{C3BAE8A8-CACA-48A8-9B38-334A0A426ED4}"
EndProject
Project("{9A19103F-16F7-4668-BE54-9A1E7A4F7556}") = "BlocksReaderExample", "examples\BlocksReaderExample\BlocksReaderExample.csproj", "{5B399189-FBEB-454B-8DBC-4D570FDAB7DF}"
EndProject
Project("{9A19103F-16F7-4668-BE54-9A1E7A4F7556}") = "Lykke.Blockchains.Integrations.Client.BlocksReader", "src\Lykke.Blockchains.Integrations.Client.BlocksReader\Lykke.Blockchains.Integrations.Client.BlocksReader.csproj", "{349CB663-0797-41A2-A95B-4D042155B11A}"
EndProject
Project("{9A19103F-16F7-4668-BE54-9A1E7A4F7556}") = "Lykke.Blockchains.Integrations.HttpClient", "src\Lykke.Blockchains.Integrations.HttpClient\Lykke.Blockchains.Integrations.HttpClient.csproj", "{DC5A00E7-9D91-45AE-8A7E-AB16B7365C8D}"
EndProject
Global
	GlobalSection(SolutionConfigurationPlatforms) = preSolution
		Debug|Any CPU = Debug|Any CPU
		Debug|x64 = Debug|x64
		Debug|x86 = Debug|x86
		Release|Any CPU = Release|Any CPU
		Release|x64 = Release|x64
		Release|x86 = Release|x86
	EndGlobalSection
	GlobalSection(ProjectConfigurationPlatforms) = postSolution
		{4A30578D-8A58-4705-A01C-664D69E8401D}.Debug|Any CPU.ActiveCfg = Debug|Any CPU
		{4A30578D-8A58-4705-A01C-664D69E8401D}.Debug|Any CPU.Build.0 = Debug|Any CPU
		{4A30578D-8A58-4705-A01C-664D69E8401D}.Debug|x64.ActiveCfg = Debug|Any CPU
		{4A30578D-8A58-4705-A01C-664D69E8401D}.Debug|x64.Build.0 = Debug|Any CPU
		{4A30578D-8A58-4705-A01C-664D69E8401D}.Debug|x86.ActiveCfg = Debug|Any CPU
		{4A30578D-8A58-4705-A01C-664D69E8401D}.Debug|x86.Build.0 = Debug|Any CPU
		{4A30578D-8A58-4705-A01C-664D69E8401D}.Release|Any CPU.ActiveCfg = Release|Any CPU
		{4A30578D-8A58-4705-A01C-664D69E8401D}.Release|Any CPU.Build.0 = Release|Any CPU
		{4A30578D-8A58-4705-A01C-664D69E8401D}.Release|x64.ActiveCfg = Release|Any CPU
		{4A30578D-8A58-4705-A01C-664D69E8401D}.Release|x64.Build.0 = Release|Any CPU
		{4A30578D-8A58-4705-A01C-664D69E8401D}.Release|x86.ActiveCfg = Release|Any CPU
		{4A30578D-8A58-4705-A01C-664D69E8401D}.Release|x86.Build.0 = Release|Any CPU
		{CC23ED68-8B39-4D9F-AFB6-47BF794DF5AA}.Debug|Any CPU.ActiveCfg = Debug|Any CPU
		{CC23ED68-8B39-4D9F-AFB6-47BF794DF5AA}.Debug|Any CPU.Build.0 = Debug|Any CPU
		{CC23ED68-8B39-4D9F-AFB6-47BF794DF5AA}.Debug|x64.ActiveCfg = Debug|Any CPU
		{CC23ED68-8B39-4D9F-AFB6-47BF794DF5AA}.Debug|x64.Build.0 = Debug|Any CPU
		{CC23ED68-8B39-4D9F-AFB6-47BF794DF5AA}.Debug|x86.ActiveCfg = Debug|Any CPU
		{CC23ED68-8B39-4D9F-AFB6-47BF794DF5AA}.Debug|x86.Build.0 = Debug|Any CPU
		{CC23ED68-8B39-4D9F-AFB6-47BF794DF5AA}.Release|Any CPU.ActiveCfg = Release|Any CPU
		{CC23ED68-8B39-4D9F-AFB6-47BF794DF5AA}.Release|Any CPU.Build.0 = Release|Any CPU
		{CC23ED68-8B39-4D9F-AFB6-47BF794DF5AA}.Release|x64.ActiveCfg = Release|Any CPU
		{CC23ED68-8B39-4D9F-AFB6-47BF794DF5AA}.Release|x64.Build.0 = Release|Any CPU
		{CC23ED68-8B39-4D9F-AFB6-47BF794DF5AA}.Release|x86.ActiveCfg = Release|Any CPU
		{CC23ED68-8B39-4D9F-AFB6-47BF794DF5AA}.Release|x86.Build.0 = Release|Any CPU
		{A30CDB80-2072-4F87-8EAF-F0E4C365E873}.Debug|Any CPU.ActiveCfg = Debug|Any CPU
		{A30CDB80-2072-4F87-8EAF-F0E4C365E873}.Debug|Any CPU.Build.0 = Debug|Any CPU
		{A30CDB80-2072-4F87-8EAF-F0E4C365E873}.Debug|x64.ActiveCfg = Debug|Any CPU
		{A30CDB80-2072-4F87-8EAF-F0E4C365E873}.Debug|x64.Build.0 = Debug|Any CPU
		{A30CDB80-2072-4F87-8EAF-F0E4C365E873}.Debug|x86.ActiveCfg = Debug|Any CPU
		{A30CDB80-2072-4F87-8EAF-F0E4C365E873}.Debug|x86.Build.0 = Debug|Any CPU
		{A30CDB80-2072-4F87-8EAF-F0E4C365E873}.Release|Any CPU.ActiveCfg = Release|Any CPU
		{A30CDB80-2072-4F87-8EAF-F0E4C365E873}.Release|Any CPU.Build.0 = Release|Any CPU
		{A30CDB80-2072-4F87-8EAF-F0E4C365E873}.Release|x64.ActiveCfg = Release|Any CPU
		{A30CDB80-2072-4F87-8EAF-F0E4C365E873}.Release|x64.Build.0 = Release|Any CPU
		{A30CDB80-2072-4F87-8EAF-F0E4C365E873}.Release|x86.ActiveCfg = Release|Any CPU
		{A30CDB80-2072-4F87-8EAF-F0E4C365E873}.Release|x86.Build.0 = Release|Any CPU
		{7E1D1480-FD27-43F0-9EDB-8AE3EB090D63}.Debug|Any CPU.ActiveCfg = Debug|Any CPU
		{7E1D1480-FD27-43F0-9EDB-8AE3EB090D63}.Debug|Any CPU.Build.0 = Debug|Any CPU
		{7E1D1480-FD27-43F0-9EDB-8AE3EB090D63}.Debug|x64.ActiveCfg = Debug|Any CPU
		{7E1D1480-FD27-43F0-9EDB-8AE3EB090D63}.Debug|x64.Build.0 = Debug|Any CPU
		{7E1D1480-FD27-43F0-9EDB-8AE3EB090D63}.Debug|x86.ActiveCfg = Debug|Any CPU
		{7E1D1480-FD27-43F0-9EDB-8AE3EB090D63}.Debug|x86.Build.0 = Debug|Any CPU
		{7E1D1480-FD27-43F0-9EDB-8AE3EB090D63}.Release|Any CPU.ActiveCfg = Release|Any CPU
		{7E1D1480-FD27-43F0-9EDB-8AE3EB090D63}.Release|Any CPU.Build.0 = Release|Any CPU
		{7E1D1480-FD27-43F0-9EDB-8AE3EB090D63}.Release|x64.ActiveCfg = Release|Any CPU
		{7E1D1480-FD27-43F0-9EDB-8AE3EB090D63}.Release|x64.Build.0 = Release|Any CPU
		{7E1D1480-FD27-43F0-9EDB-8AE3EB090D63}.Release|x86.ActiveCfg = Release|Any CPU
		{7E1D1480-FD27-43F0-9EDB-8AE3EB090D63}.Release|x86.Build.0 = Release|Any CPU
		{5FA413B7-6F25-4B9D-9E6B-232573440B0D}.Debug|Any CPU.ActiveCfg = Debug|Any CPU
		{5FA413B7-6F25-4B9D-9E6B-232573440B0D}.Debug|Any CPU.Build.0 = Debug|Any CPU
		{5FA413B7-6F25-4B9D-9E6B-232573440B0D}.Debug|x64.ActiveCfg = Debug|Any CPU
		{5FA413B7-6F25-4B9D-9E6B-232573440B0D}.Debug|x64.Build.0 = Debug|Any CPU
		{5FA413B7-6F25-4B9D-9E6B-232573440B0D}.Debug|x86.ActiveCfg = Debug|Any CPU
		{5FA413B7-6F25-4B9D-9E6B-232573440B0D}.Debug|x86.Build.0 = Debug|Any CPU
		{5FA413B7-6F25-4B9D-9E6B-232573440B0D}.Release|Any CPU.ActiveCfg = Release|Any CPU
		{5FA413B7-6F25-4B9D-9E6B-232573440B0D}.Release|Any CPU.Build.0 = Release|Any CPU
		{5FA413B7-6F25-4B9D-9E6B-232573440B0D}.Release|x64.ActiveCfg = Release|Any CPU
		{5FA413B7-6F25-4B9D-9E6B-232573440B0D}.Release|x64.Build.0 = Release|Any CPU
		{5FA413B7-6F25-4B9D-9E6B-232573440B0D}.Release|x86.ActiveCfg = Release|Any CPU
		{5FA413B7-6F25-4B9D-9E6B-232573440B0D}.Release|x86.Build.0 = Release|Any CPU
		{C194BDB4-B653-49E7-BE3E-2BB9237F0282}.Debug|Any CPU.ActiveCfg = Debug|Any CPU
		{C194BDB4-B653-49E7-BE3E-2BB9237F0282}.Debug|Any CPU.Build.0 = Debug|Any CPU
		{C194BDB4-B653-49E7-BE3E-2BB9237F0282}.Debug|x64.ActiveCfg = Debug|Any CPU
		{C194BDB4-B653-49E7-BE3E-2BB9237F0282}.Debug|x64.Build.0 = Debug|Any CPU
		{C194BDB4-B653-49E7-BE3E-2BB9237F0282}.Debug|x86.ActiveCfg = Debug|Any CPU
		{C194BDB4-B653-49E7-BE3E-2BB9237F0282}.Debug|x86.Build.0 = Debug|Any CPU
		{C194BDB4-B653-49E7-BE3E-2BB9237F0282}.Release|Any CPU.ActiveCfg = Release|Any CPU
		{C194BDB4-B653-49E7-BE3E-2BB9237F0282}.Release|Any CPU.Build.0 = Release|Any CPU
		{C194BDB4-B653-49E7-BE3E-2BB9237F0282}.Release|x64.ActiveCfg = Release|Any CPU
		{C194BDB4-B653-49E7-BE3E-2BB9237F0282}.Release|x64.Build.0 = Release|Any CPU
		{C194BDB4-B653-49E7-BE3E-2BB9237F0282}.Release|x86.ActiveCfg = Release|Any CPU
		{C194BDB4-B653-49E7-BE3E-2BB9237F0282}.Release|x86.Build.0 = Release|Any CPU
		{08DA861A-1C50-41BB-A7D9-41C70AC3D93A}.Debug|Any CPU.ActiveCfg = Debug|Any CPU
		{08DA861A-1C50-41BB-A7D9-41C70AC3D93A}.Debug|Any CPU.Build.0 = Debug|Any CPU
		{08DA861A-1C50-41BB-A7D9-41C70AC3D93A}.Debug|x64.ActiveCfg = Debug|Any CPU
		{08DA861A-1C50-41BB-A7D9-41C70AC3D93A}.Debug|x64.Build.0 = Debug|Any CPU
		{08DA861A-1C50-41BB-A7D9-41C70AC3D93A}.Debug|x86.ActiveCfg = Debug|Any CPU
		{08DA861A-1C50-41BB-A7D9-41C70AC3D93A}.Debug|x86.Build.0 = Debug|Any CPU
		{08DA861A-1C50-41BB-A7D9-41C70AC3D93A}.Release|Any CPU.ActiveCfg = Release|Any CPU
		{08DA861A-1C50-41BB-A7D9-41C70AC3D93A}.Release|Any CPU.Build.0 = Release|Any CPU
		{08DA861A-1C50-41BB-A7D9-41C70AC3D93A}.Release|x64.ActiveCfg = Release|Any CPU
		{08DA861A-1C50-41BB-A7D9-41C70AC3D93A}.Release|x64.Build.0 = Release|Any CPU
		{08DA861A-1C50-41BB-A7D9-41C70AC3D93A}.Release|x86.ActiveCfg = Release|Any CPU
		{08DA861A-1C50-41BB-A7D9-41C70AC3D93A}.Release|x86.Build.0 = Release|Any CPU
		{6AB97095-7DC1-448B-8988-41C7001BB2DD}.Debug|Any CPU.ActiveCfg = Debug|Any CPU
		{6AB97095-7DC1-448B-8988-41C7001BB2DD}.Debug|Any CPU.Build.0 = Debug|Any CPU
		{6AB97095-7DC1-448B-8988-41C7001BB2DD}.Debug|x64.ActiveCfg = Debug|Any CPU
		{6AB97095-7DC1-448B-8988-41C7001BB2DD}.Debug|x64.Build.0 = Debug|Any CPU
		{6AB97095-7DC1-448B-8988-41C7001BB2DD}.Debug|x86.ActiveCfg = Debug|Any CPU
		{6AB97095-7DC1-448B-8988-41C7001BB2DD}.Debug|x86.Build.0 = Debug|Any CPU
		{6AB97095-7DC1-448B-8988-41C7001BB2DD}.Release|Any CPU.ActiveCfg = Release|Any CPU
		{6AB97095-7DC1-448B-8988-41C7001BB2DD}.Release|Any CPU.Build.0 = Release|Any CPU
		{6AB97095-7DC1-448B-8988-41C7001BB2DD}.Release|x64.ActiveCfg = Release|Any CPU
		{6AB97095-7DC1-448B-8988-41C7001BB2DD}.Release|x64.Build.0 = Release|Any CPU
		{6AB97095-7DC1-448B-8988-41C7001BB2DD}.Release|x86.ActiveCfg = Release|Any CPU
		{6AB97095-7DC1-448B-8988-41C7001BB2DD}.Release|x86.Build.0 = Release|Any CPU
		{E462185E-0A5F-45FD-AF4C-26EE3815094D}.Debug|Any CPU.ActiveCfg = Debug|Any CPU
		{E462185E-0A5F-45FD-AF4C-26EE3815094D}.Debug|Any CPU.Build.0 = Debug|Any CPU
		{E462185E-0A5F-45FD-AF4C-26EE3815094D}.Debug|x64.ActiveCfg = Debug|Any CPU
		{E462185E-0A5F-45FD-AF4C-26EE3815094D}.Debug|x64.Build.0 = Debug|Any CPU
		{E462185E-0A5F-45FD-AF4C-26EE3815094D}.Debug|x86.ActiveCfg = Debug|Any CPU
		{E462185E-0A5F-45FD-AF4C-26EE3815094D}.Debug|x86.Build.0 = Debug|Any CPU
		{E462185E-0A5F-45FD-AF4C-26EE3815094D}.Release|Any CPU.ActiveCfg = Release|Any CPU
		{E462185E-0A5F-45FD-AF4C-26EE3815094D}.Release|Any CPU.Build.0 = Release|Any CPU
		{E462185E-0A5F-45FD-AF4C-26EE3815094D}.Release|x64.ActiveCfg = Release|Any CPU
		{E462185E-0A5F-45FD-AF4C-26EE3815094D}.Release|x64.Build.0 = Release|Any CPU
		{E462185E-0A5F-45FD-AF4C-26EE3815094D}.Release|x86.ActiveCfg = Release|Any CPU
		{E462185E-0A5F-45FD-AF4C-26EE3815094D}.Release|x86.Build.0 = Release|Any CPU
		{4620BD7D-23A2-4030-B6B4-1E5376227079}.Debug|Any CPU.ActiveCfg = Debug|Any CPU
		{4620BD7D-23A2-4030-B6B4-1E5376227079}.Debug|Any CPU.Build.0 = Debug|Any CPU
		{4620BD7D-23A2-4030-B6B4-1E5376227079}.Debug|x64.ActiveCfg = Debug|Any CPU
		{4620BD7D-23A2-4030-B6B4-1E5376227079}.Debug|x64.Build.0 = Debug|Any CPU
		{4620BD7D-23A2-4030-B6B4-1E5376227079}.Debug|x86.ActiveCfg = Debug|Any CPU
		{4620BD7D-23A2-4030-B6B4-1E5376227079}.Debug|x86.Build.0 = Debug|Any CPU
		{4620BD7D-23A2-4030-B6B4-1E5376227079}.Release|Any CPU.ActiveCfg = Release|Any CPU
		{4620BD7D-23A2-4030-B6B4-1E5376227079}.Release|Any CPU.Build.0 = Release|Any CPU
		{4620BD7D-23A2-4030-B6B4-1E5376227079}.Release|x64.ActiveCfg = Release|Any CPU
		{4620BD7D-23A2-4030-B6B4-1E5376227079}.Release|x64.Build.0 = Release|Any CPU
		{4620BD7D-23A2-4030-B6B4-1E5376227079}.Release|x86.ActiveCfg = Release|Any CPU
		{4620BD7D-23A2-4030-B6B4-1E5376227079}.Release|x86.Build.0 = Release|Any CPU
		{4B2D65C1-6038-4D1E-B9EA-9E86B771A25F}.Debug|Any CPU.ActiveCfg = Debug|Any CPU
		{4B2D65C1-6038-4D1E-B9EA-9E86B771A25F}.Debug|Any CPU.Build.0 = Debug|Any CPU
		{4B2D65C1-6038-4D1E-B9EA-9E86B771A25F}.Debug|x64.ActiveCfg = Debug|Any CPU
		{4B2D65C1-6038-4D1E-B9EA-9E86B771A25F}.Debug|x64.Build.0 = Debug|Any CPU
		{4B2D65C1-6038-4D1E-B9EA-9E86B771A25F}.Debug|x86.ActiveCfg = Debug|Any CPU
		{4B2D65C1-6038-4D1E-B9EA-9E86B771A25F}.Debug|x86.Build.0 = Debug|Any CPU
		{4B2D65C1-6038-4D1E-B9EA-9E86B771A25F}.Release|Any CPU.ActiveCfg = Release|Any CPU
		{4B2D65C1-6038-4D1E-B9EA-9E86B771A25F}.Release|Any CPU.Build.0 = Release|Any CPU
		{4B2D65C1-6038-4D1E-B9EA-9E86B771A25F}.Release|x64.ActiveCfg = Release|Any CPU
		{4B2D65C1-6038-4D1E-B9EA-9E86B771A25F}.Release|x64.Build.0 = Release|Any CPU
		{4B2D65C1-6038-4D1E-B9EA-9E86B771A25F}.Release|x86.ActiveCfg = Release|Any CPU
		{4B2D65C1-6038-4D1E-B9EA-9E86B771A25F}.Release|x86.Build.0 = Release|Any CPU
		{C3BAE8A8-CACA-48A8-9B38-334A0A426ED4}.Debug|Any CPU.ActiveCfg = Debug|Any CPU
		{C3BAE8A8-CACA-48A8-9B38-334A0A426ED4}.Debug|Any CPU.Build.0 = Debug|Any CPU
		{C3BAE8A8-CACA-48A8-9B38-334A0A426ED4}.Debug|x64.ActiveCfg = Debug|Any CPU
		{C3BAE8A8-CACA-48A8-9B38-334A0A426ED4}.Debug|x64.Build.0 = Debug|Any CPU
		{C3BAE8A8-CACA-48A8-9B38-334A0A426ED4}.Debug|x86.ActiveCfg = Debug|Any CPU
		{C3BAE8A8-CACA-48A8-9B38-334A0A426ED4}.Debug|x86.Build.0 = Debug|Any CPU
		{C3BAE8A8-CACA-48A8-9B38-334A0A426ED4}.Release|Any CPU.ActiveCfg = Release|Any CPU
		{C3BAE8A8-CACA-48A8-9B38-334A0A426ED4}.Release|Any CPU.Build.0 = Release|Any CPU
		{C3BAE8A8-CACA-48A8-9B38-334A0A426ED4}.Release|x64.ActiveCfg = Release|Any CPU
		{C3BAE8A8-CACA-48A8-9B38-334A0A426ED4}.Release|x64.Build.0 = Release|Any CPU
		{C3BAE8A8-CACA-48A8-9B38-334A0A426ED4}.Release|x86.ActiveCfg = Release|Any CPU
		{C3BAE8A8-CACA-48A8-9B38-334A0A426ED4}.Release|x86.Build.0 = Release|Any CPU
		{5B399189-FBEB-454B-8DBC-4D570FDAB7DF}.Debug|Any CPU.ActiveCfg = Debug|Any CPU
		{5B399189-FBEB-454B-8DBC-4D570FDAB7DF}.Debug|Any CPU.Build.0 = Debug|Any CPU
		{5B399189-FBEB-454B-8DBC-4D570FDAB7DF}.Debug|x64.ActiveCfg = Debug|Any CPU
		{5B399189-FBEB-454B-8DBC-4D570FDAB7DF}.Debug|x64.Build.0 = Debug|Any CPU
		{5B399189-FBEB-454B-8DBC-4D570FDAB7DF}.Debug|x86.ActiveCfg = Debug|Any CPU
		{5B399189-FBEB-454B-8DBC-4D570FDAB7DF}.Debug|x86.Build.0 = Debug|Any CPU
		{5B399189-FBEB-454B-8DBC-4D570FDAB7DF}.Release|Any CPU.ActiveCfg = Release|Any CPU
		{5B399189-FBEB-454B-8DBC-4D570FDAB7DF}.Release|Any CPU.Build.0 = Release|Any CPU
		{5B399189-FBEB-454B-8DBC-4D570FDAB7DF}.Release|x64.ActiveCfg = Release|Any CPU
		{5B399189-FBEB-454B-8DBC-4D570FDAB7DF}.Release|x64.Build.0 = Release|Any CPU
		{5B399189-FBEB-454B-8DBC-4D570FDAB7DF}.Release|x86.ActiveCfg = Release|Any CPU
		{5B399189-FBEB-454B-8DBC-4D570FDAB7DF}.Release|x86.Build.0 = Release|Any CPU
		{349CB663-0797-41A2-A95B-4D042155B11A}.Debug|Any CPU.ActiveCfg = Debug|Any CPU
		{349CB663-0797-41A2-A95B-4D042155B11A}.Debug|Any CPU.Build.0 = Debug|Any CPU
		{349CB663-0797-41A2-A95B-4D042155B11A}.Debug|x64.ActiveCfg = Debug|Any CPU
		{349CB663-0797-41A2-A95B-4D042155B11A}.Debug|x64.Build.0 = Debug|Any CPU
		{349CB663-0797-41A2-A95B-4D042155B11A}.Debug|x86.ActiveCfg = Debug|Any CPU
		{349CB663-0797-41A2-A95B-4D042155B11A}.Debug|x86.Build.0 = Debug|Any CPU
		{349CB663-0797-41A2-A95B-4D042155B11A}.Release|Any CPU.ActiveCfg = Release|Any CPU
		{349CB663-0797-41A2-A95B-4D042155B11A}.Release|Any CPU.Build.0 = Release|Any CPU
		{349CB663-0797-41A2-A95B-4D042155B11A}.Release|x64.ActiveCfg = Release|Any CPU
		{349CB663-0797-41A2-A95B-4D042155B11A}.Release|x64.Build.0 = Release|Any CPU
		{349CB663-0797-41A2-A95B-4D042155B11A}.Release|x86.ActiveCfg = Release|Any CPU
		{349CB663-0797-41A2-A95B-4D042155B11A}.Release|x86.Build.0 = Release|Any CPU
		{DC5A00E7-9D91-45AE-8A7E-AB16B7365C8D}.Debug|Any CPU.ActiveCfg = Debug|Any CPU
		{DC5A00E7-9D91-45AE-8A7E-AB16B7365C8D}.Debug|Any CPU.Build.0 = Debug|Any CPU
		{DC5A00E7-9D91-45AE-8A7E-AB16B7365C8D}.Debug|x64.ActiveCfg = Debug|Any CPU
		{DC5A00E7-9D91-45AE-8A7E-AB16B7365C8D}.Debug|x64.Build.0 = Debug|Any CPU
		{DC5A00E7-9D91-45AE-8A7E-AB16B7365C8D}.Debug|x86.ActiveCfg = Debug|Any CPU
		{DC5A00E7-9D91-45AE-8A7E-AB16B7365C8D}.Debug|x86.Build.0 = Debug|Any CPU
		{DC5A00E7-9D91-45AE-8A7E-AB16B7365C8D}.Release|Any CPU.ActiveCfg = Release|Any CPU
		{DC5A00E7-9D91-45AE-8A7E-AB16B7365C8D}.Release|Any CPU.Build.0 = Release|Any CPU
		{DC5A00E7-9D91-45AE-8A7E-AB16B7365C8D}.Release|x64.ActiveCfg = Release|Any CPU
		{DC5A00E7-9D91-45AE-8A7E-AB16B7365C8D}.Release|x64.Build.0 = Release|Any CPU
		{DC5A00E7-9D91-45AE-8A7E-AB16B7365C8D}.Release|x86.ActiveCfg = Release|Any CPU
		{DC5A00E7-9D91-45AE-8A7E-AB16B7365C8D}.Release|x86.Build.0 = Release|Any CPU
	EndGlobalSection
	GlobalSection(SolutionProperties) = preSolution
		HideSolutionNode = FALSE
	EndGlobalSection
	GlobalSection(NestedProjects) = preSolution
		{A30CDB80-2072-4F87-8EAF-F0E4C365E873} = {CDF21CA8-1D14-4DEE-AC38-EF5FA113AC71}
		{08DA861A-1C50-41BB-A7D9-41C70AC3D93A} = {95FBBE27-2E62-4E8B-AB6D-992C748A9ACE}
		{6AB97095-7DC1-448B-8988-41C7001BB2DD} = {95FBBE27-2E62-4E8B-AB6D-992C748A9ACE}
		{E462185E-0A5F-45FD-AF4C-26EE3815094D} = {95FBBE27-2E62-4E8B-AB6D-992C748A9ACE}
		{5B399189-FBEB-454B-8DBC-4D570FDAB7DF} = {95FBBE27-2E62-4E8B-AB6D-992C748A9ACE}
	EndGlobalSection
	GlobalSection(ExtensibilityGlobals) = postSolution
		SolutionGuid = {CE7931E9-23DA-419B-9806-769CE70D173E}
	EndGlobalSection
EndGlobal
